
Microsoft Visual Studio Solution File, Format Version 12.00
# Visual Studio Version 17
VisualStudioVersion = 17.13.35931.197 d17.13
MinimumVisualStudioVersion = 10.0.40219.1
Project("{FAE04EC0-301F-11D3-BF4B-00C04F79EFBC}") = "Colhetiva", "Colhetiva\Colhetiva.csproj", "{992C3821-2C01-46D9-848E-7850ABD18C77}"
EndProject
Project("{FAE04EC0-301F-11D3-BF4B-00C04F79EFBC}") = "Colhetiva.Core", "Colhetiva.Core\Colhetiva.Core.csproj", "{AAEF2A9F-4791-42E8-B910-038D78417EEE}"
EndProject
Project("{FAE04EC0-301F-11D3-BF4B-00C04F79EFBC}") = "Colhetiva.Infrastructure", "Colhetiva.Infrastructure\Colhetiva.Infrastructure.csproj", "{50AF07F8-CB53-4BE0-8CBB-C2435C8267F7}"
EndProject
Global
	GlobalSection(SolutionConfigurationPlatforms) = preSolution
		Debug|Any CPU = Debug|Any CPU
		Release|Any CPU = Release|Any CPU
	EndGlobalSection
	GlobalSection(ProjectConfigurationPlatforms) = postSolution
		{992C3821-2C01-46D9-848E-7850ABD18C77}.Debug|Any CPU.ActiveCfg = Debug|Any CPU
		{992C3821-2C01-46D9-848E-7850ABD18C77}.Debug|Any CPU.Build.0 = Debug|Any CPU
		{992C3821-2C01-46D9-848E-7850ABD18C77}.Release|Any CPU.ActiveCfg = Release|Any CPU
		{992C3821-2C01-46D9-848E-7850ABD18C77}.Release|Any CPU.Build.0 = Release|Any CPU
		{AAEF2A9F-4791-42E8-B910-038D78417EEE}.Debug|Any CPU.ActiveCfg = Debug|Any CPU
		{AAEF2A9F-4791-42E8-B910-038D78417EEE}.Debug|Any CPU.Build.0 = Debug|Any CPU
		{AAEF2A9F-4791-42E8-B910-038D78417EEE}.Release|Any CPU.ActiveCfg = Release|Any CPU
		{AAEF2A9F-4791-42E8-B910-038D78417EEE}.Release|Any CPU.Build.0 = Release|Any CPU
		{50AF07F8-CB53-4BE0-8CBB-C2435C8267F7}.Debug|Any CPU.ActiveCfg = Debug|Any CPU
		{50AF07F8-CB53-4BE0-8CBB-C2435C8267F7}.Debug|Any CPU.Build.0 = Debug|Any CPU
		{50AF07F8-CB53-4BE0-8CBB-C2435C8267F7}.Release|Any CPU.ActiveCfg = Release|Any CPU
		{50AF07F8-CB53-4BE0-8CBB-C2435C8267F7}.Release|Any CPU.Build.0 = Release|Any CPU
	EndGlobalSection
	GlobalSection(SolutionProperties) = preSolution
		HideSolutionNode = FALSE
	EndGlobalSection
	GlobalSection(ExtensibilityGlobals) = postSolution
		SolutionGuid = {FFF33720-DB32-4F67-AFA9-18C6F56CD11E}
	EndGlobalSection
EndGlobal
